// !$*UTF8*$!
{
	archiveVersion = 1;
	classes = {
	};
	objectVersion = 56;
	objects = {

/* Begin PBXBuildFile section */
		1715A25D2BE679720027261E /* AppDelegate.swift in Sources */ = {isa = PBXBuildFile; fileRef = 1715A25C2BE679720027261E /* AppDelegate.swift */; };
		1715A25F2BE679720027261E /* SceneDelegate.swift in Sources */ = {isa = PBXBuildFile; fileRef = 1715A25E2BE679720027261E /* SceneDelegate.swift */; };
		1715A2612BE679720027261E /* ViewController.swift in Sources */ = {isa = PBXBuildFile; fileRef = 1715A2602BE679720027261E /* ViewController.swift */; };
		1715A2642BE679720027261E /* Main.storyboard in Resources */ = {isa = PBXBuildFile; fileRef = 1715A2622BE679720027261E /* Main.storyboard */; };
		1715A2692BE6797B0027261E /* Assets.xcassets in Resources */ = {isa = PBXBuildFile; fileRef = 1715A2682BE6797B0027261E /* Assets.xcassets */; };
		1715A26C2BE6797B0027261E /* LaunchScreen.storyboard in Resources */ = {isa = PBXBuildFile; fileRef = 1715A26A2BE6797B0027261E /* LaunchScreen.storyboard */; };
		1715A2762BE67ABD0027261E /* MedicineData.swift in Sources */ = {isa = PBXBuildFile; fileRef = 1715A2752BE67ABD0027261E /* MedicineData.swift */; };
		1715A27A2BE67DFB0027261E /* DataLoader.swift in Sources */ = {isa = PBXBuildFile; fileRef = 1715A2792BE67DFB0027261E /* DataLoader.swift */; };
		1715A27E2BE688A10027261E /* DataTableViewCell.swift in Sources */ = {isa = PBXBuildFile; fileRef = 1715A27D2BE688A10027261E /* DataTableViewCell.swift */; };
		1715A2802BE6AAD60027261E /* medicDB.json in Resources */ = {isa = PBXBuildFile; fileRef = 1715A27F2BE6AAD60027261E /* medicDB.json */; };
		17AE32312BE7C48B008CF1F5 /* MedicineModel.swift in Sources */ = {isa = PBXBuildFile; fileRef = 17AE32302BE7C48B008CF1F5 /* MedicineModel.swift */; };
		17AE32332BE7C582008CF1F5 /* JSONViewModel.swift in Sources */ = {isa = PBXBuildFile; fileRef = 17AE32322BE7C582008CF1F5 /* JSONViewModel.swift */; };
		17AE32392BE81594008CF1F5 /* Medicine_Reminder.xcdatamodeld in Sources */ = {isa = PBXBuildFile; fileRef = 17AE32372BE81594008CF1F5 /* Medicine_Reminder.xcdatamodeld */; };
/* End PBXBuildFile section */

/* Begin PBXFileReference section */
		1715A2592BE679720027261E /* Medicine Reminder.app */ = {isa = PBXFileReference; explicitFileType = wrapper.application; includeInIndex = 0; path = "Medicine Reminder.app"; sourceTree = BUILT_PRODUCTS_DIR; };
		1715A25C2BE679720027261E /* AppDelegate.swift */ = {isa = PBXFileReference; lastKnownFileType = sourcecode.swift; path = AppDelegate.swift; sourceTree = "<group>"; };
		1715A25E2BE679720027261E /* SceneDelegate.swift */ = {isa = PBXFileReference; lastKnownFileType = sourcecode.swift; path = SceneDelegate.swift; sourceTree = "<group>"; };
		1715A2602BE679720027261E /* ViewController.swift */ = {isa = PBXFileReference; lastKnownFileType = sourcecode.swift; path = ViewController.swift; sourceTree = "<group>"; };
		1715A2632BE679720027261E /* Base */ = {isa = PBXFileReference; lastKnownFileType = file.storyboard; name = Base; path = Base.lproj/Main.storyboard; sourceTree = "<group>"; };
		1715A2682BE6797B0027261E /* Assets.xcassets */ = {isa = PBXFileReference; lastKnownFileType = folder.assetcatalog; path = Assets.xcassets; sourceTree = "<group>"; };
		1715A26B2BE6797B0027261E /* Base */ = {isa = PBXFileReference; lastKnownFileType = file.storyboard; name = Base; path = Base.lproj/LaunchScreen.storyboard; sourceTree = "<group>"; };
		1715A26D2BE6797B0027261E /* Info.plist */ = {isa = PBXFileReference; lastKnownFileType = text.plist.xml; path = Info.plist; sourceTree = "<group>"; };
		1715A2752BE67ABD0027261E /* MedicineData.swift */ = {isa = PBXFileReference; lastKnownFileType = sourcecode.swift; path = MedicineData.swift; sourceTree = "<group>"; };
		1715A2792BE67DFB0027261E /* DataLoader.swift */ = {isa = PBXFileReference; lastKnownFileType = sourcecode.swift; path = DataLoader.swift; sourceTree = "<group>"; };
		1715A27D2BE688A10027261E /* DataTableViewCell.swift */ = {isa = PBXFileReference; lastKnownFileType = sourcecode.swift; path = DataTableViewCell.swift; sourceTree = "<group>"; };
		1715A27F2BE6AAD60027261E /* medicDB.json */ = {isa = PBXFileReference; fileEncoding = 4; lastKnownFileType = text.json; path = medicDB.json; sourceTree = "<group>"; };
		17AE32302BE7C48B008CF1F5 /* MedicineModel.swift */ = {isa = PBXFileReference; lastKnownFileType = sourcecode.swift; path = MedicineModel.swift; sourceTree = "<group>"; };
		17AE32322BE7C582008CF1F5 /* JSONViewModel.swift */ = {isa = PBXFileReference; lastKnownFileType = sourcecode.swift; path = JSONViewModel.swift; sourceTree = "<group>"; };
		17AE32382BE81594008CF1F5 /* Medicine_Reminder.xcdatamodel */ = {isa = PBXFileReference; lastKnownFileType = wrapper.xcdatamodel; path = Medicine_Reminder.xcdatamodel; sourceTree = "<group>"; };
/* End PBXFileReference section */

/* Begin PBXFrameworksBuildPhase section */
		1715A2562BE679720027261E /* Frameworks */ = {
			isa = PBXFrameworksBuildPhase;
			buildActionMask = 2147483647;
			files = (
			);
			runOnlyForDeploymentPostprocessing = 0;
		};
/* End PBXFrameworksBuildPhase section */

/* Begin PBXGroup section */
		1715A2502BE679720027261E = {
			isa = PBXGroup;
			children = (
				1715A25B2BE679720027261E /* Medicine Reminder */,
				1715A25A2BE679720027261E /* Products */,
			);
			sourceTree = "<group>";
		};
		1715A25A2BE679720027261E /* Products */ = {
			isa = PBXGroup;
			children = (
				1715A2592BE679720027261E /* Medicine Reminder.app */,
			);
			name = Products;
			sourceTree = "<group>";
		};
		1715A25B2BE679720027261E /* Medicine Reminder */ = {
			isa = PBXGroup;
			children = (
				17AE322F2BE7C455008CF1F5 /* View */,
				17AE322E2BE7C44D008CF1F5 /* ViewModel */,
				17AE322D2BE7C445008CF1F5 /* Model */,
				1715A25C2BE679720027261E /* AppDelegate.swift */,
				1715A25E2BE679720027261E /* SceneDelegate.swift */,
				1715A2602BE679720027261E /* ViewController.swift */,
				1715A2622BE679720027261E /* Main.storyboard */,
				1715A2682BE6797B0027261E /* Assets.xcassets */,
				1715A26A2BE6797B0027261E /* LaunchScreen.storyboard */,
				1715A26D2BE6797B0027261E /* Info.plist */,
				1715A2752BE67ABD0027261E /* MedicineData.swift */,
				1715A2792BE67DFB0027261E /* DataLoader.swift */,
				1715A27D2BE688A10027261E /* DataTableViewCell.swift */,
				1715A27F2BE6AAD60027261E /* medicDB.json */,
				17AE32372BE81594008CF1F5 /* Medicine_Reminder.xcdatamodeld */,
			);
			path = "Medicine Reminder";
			sourceTree = "<group>";
		};
		17AE322D2BE7C445008CF1F5 /* Model */ = {
			isa = PBXGroup;
			children = (
				17AE32302BE7C48B008CF1F5 /* MedicineModel.swift */,
			);
			path = Model;
			sourceTree = "<group>";
		};
		17AE322E2BE7C44D008CF1F5 /* ViewModel */ = {
			isa = PBXGroup;
			children = (
				17AE32322BE7C582008CF1F5 /* JSONViewModel.swift */,
			);
			path = ViewModel;
			sourceTree = "<group>";
		};
		17AE322F2BE7C455008CF1F5 /* View */ = {
			isa = PBXGroup;
			children = (
			);
			path = View;
			sourceTree = "<group>";
		};
/* End PBXGroup section */

/* Begin PBXNativeTarget section */
		1715A2582BE679720027261E /* Medicine Reminder */ = {
			isa = PBXNativeTarget;
			buildConfigurationList = 1715A2702BE6797B0027261E /* Build configuration list for PBXNativeTarget "Medicine Reminder" */;
			buildPhases = (
				1715A2552BE679720027261E /* Sources */,
				1715A2562BE679720027261E /* Frameworks */,
				1715A2572BE679720027261E /* Resources */,
			);
			buildRules = (
			);
			dependencies = (
			);
			name = "Medicine Reminder";
			productName = "Medicine Reminder";
			productReference = 1715A2592BE679720027261E /* Medicine Reminder.app */;
			productType = "com.apple.product-type.application";
		};
/* End PBXNativeTarget section */

/* Begin PBXProject section */
		1715A2512BE679720027261E /* Project object */ = {
			isa = PBXProject;
			attributes = {
				BuildIndependentTargetsInParallel = 1;
				LastSwiftUpdateCheck = 1510;
				LastUpgradeCheck = 1510;
				TargetAttributes = {
					1715A2582BE679720027261E = {
						CreatedOnToolsVersion = 15.1;
					};
				};
			};
			buildConfigurationList = 1715A2542BE679720027261E /* Build configuration list for PBXProject "Medicine Reminder" */;
			compatibilityVersion = "Xcode 14.0";
			developmentRegion = en;
			hasScannedForEncodings = 0;
			knownRegions = (
				en,
				Base,
			);
			mainGroup = 1715A2502BE679720027261E;
			productRefGroup = 1715A25A2BE679720027261E /* Products */;
			projectDirPath = "";
			projectRoot = "";
			targets = (
				1715A2582BE679720027261E /* Medicine Reminder */,
			);
		};
/* End PBXProject section */

/* Begin PBXResourcesBuildPhase section */
		1715A2572BE679720027261E /* Resources */ = {
			isa = PBXResourcesBuildPhase;
			buildActionMask = 2147483647;
			files = (
				1715A2802BE6AAD60027261E /* medicDB.json in Resources */,
				1715A26C2BE6797B0027261E /* LaunchScreen.storyboard in Resources */,
				1715A2692BE6797B0027261E /* Assets.xcassets in Resources */,
				1715A2642BE679720027261E /* Main.storyboard in Resources */,
			);
			runOnlyForDeploymentPostprocessing = 0;
		};
/* End PBXResourcesBuildPhase section */

/* Begin PBXSourcesBuildPhase section */
		1715A2552BE679720027261E /* Sources */ = {
			isa = PBXSourcesBuildPhase;
			buildActionMask = 2147483647;
			files = (
				1715A2612BE679720027261E /* ViewController.swift in Sources */,
				1715A2762BE67ABD0027261E /* MedicineData.swift in Sources */,
				17AE32392BE81594008CF1F5 /* Medicine_Reminder.xcdatamodeld in Sources */,
				1715A27A2BE67DFB0027261E /* DataLoader.swift in Sources */,
				1715A25D2BE679720027261E /* AppDelegate.swift in Sources */,
				17AE32312BE7C48B008CF1F5 /* MedicineModel.swift in Sources */,
				1715A27E2BE688A10027261E /* DataTableViewCell.swift in Sources */,
				1715A25F2BE679720027261E /* SceneDelegate.swift in Sources */,
				17AE32332BE7C582008CF1F5 /* JSONViewModel.swift in Sources */,
			);
			runOnlyForDeploymentPostprocessing = 0;
		};
/* End PBXSourcesBuildPhase section */

/* Begin PBXVariantGroup section */
		1715A2622BE679720027261E /* Main.storyboard */ = {
			isa = PBXVariantGroup;
			children = (
				1715A2632BE679720027261E /* Base */,
			);
			name = Main.storyboard;
			sourceTree = "<group>";
		};
		1715A26A2BE6797B0027261E /* LaunchScreen.storyboard */ = {
			isa = PBXVariantGroup;
			children = (
				1715A26B2BE6797B0027261E /* Base */,
			);
			name = LaunchScreen.storyboard;
			sourceTree = "<group>";
		};
/* End PBXVariantGroup section */

/* Begin XCBuildConfiguration section */
		1715A26E2BE6797B0027261E /* Debug */ = {
			isa = XCBuildConfiguration;
			buildSettings = {
				ALWAYS_SEARCH_USER_PATHS = NO;
				ASSETCATALOG_COMPILER_GENERATE_SWIFT_ASSET_SYMBOL_EXTENSIONS = YES;
				CLANG_ANALYZER_NONNULL = YES;
				CLANG_ANALYZER_NUMBER_OBJECT_CONVERSION = YES_AGGRESSIVE;
				CLANG_CXX_LANGUAGE_STANDARD = "gnu++20";
				CLANG_ENABLE_MODULES = YES;
				CLANG_ENABLE_OBJC_ARC = YES;
				CLANG_ENABLE_OBJC_WEAK = YES;
				CLANG_WARN_BLOCK_CAPTURE_AUTORELEASING = YES;
				CLANG_WARN_BOOL_CONVERSION = YES;
				CLANG_WARN_COMMA = YES;
				CLANG_WARN_CONSTANT_CONVERSION = YES;
				CLANG_WARN_DEPRECATED_OBJC_IMPLEMENTATIONS = YES;
				CLANG_WARN_DIRECT_OBJC_ISA_USAGE = YES_ERROR;
				CLANG_WARN_DOCUMENTATION_COMMENTS = YES;
				CLANG_WARN_EMPTY_BODY = YES;
				CLANG_WARN_ENUM_CONVERSION = YES;
				CLANG_WARN_INFINITE_RECURSION = YES;
				CLANG_WARN_INT_CONVERSION = YES;
				CLANG_WARN_NON_LITERAL_NULL_CONVERSION = YES;
				CLANG_WARN_OBJC_IMPLICIT_RETAIN_SELF = YES;
				CLANG_WARN_OBJC_LITERAL_CONVERSION = YES;
				CLANG_WARN_OBJC_ROOT_CLASS = YES_ERROR;
				CLANG_WARN_QUOTED_INCLUDE_IN_FRAMEWORK_HEADER = YES;
				CLANG_WARN_RANGE_LOOP_ANALYSIS = YES;
				CLANG_WARN_STRICT_PROTOTYPES = YES;
				CLANG_WARN_SUSPICIOUS_MOVE = YES;
				CLANG_WARN_UNGUARDED_AVAILABILITY = YES_AGGRESSIVE;
				CLANG_WARN_UNREACHABLE_CODE = YES;
				CLANG_WARN__DUPLICATE_METHOD_MATCH = YES;
				COPY_PHASE_STRIP = NO;
				DEBUG_INFORMATION_FORMAT = dwarf;
				ENABLE_STRICT_OBJC_MSGSEND = YES;
				ENABLE_TESTABILITY = YES;
				ENABLE_USER_SCRIPT_SANDBOXING = YES;
				GCC_C_LANGUAGE_STANDARD = gnu17;
				GCC_DYNAMIC_NO_PIC = NO;
				GCC_NO_COMMON_BLOCKS = YES;
				GCC_OPTIMIZATION_LEVEL = 0;
				GCC_PREPROCESSOR_DEFINITIONS = (
					"DEBUG=1",
					"$(inherited)",
				);
				GCC_WARN_64_TO_32_BIT_CONVERSION = YES;
				GCC_WARN_ABOUT_RETURN_TYPE = YES_ERROR;
				GCC_WARN_UNDECLARED_SELECTOR = YES;
				GCC_WARN_UNINITIALIZED_AUTOS = YES_AGGRESSIVE;
				GCC_WARN_UNUSED_FUNCTION = YES;
				GCC_WARN_UNUSED_VARIABLE = YES;
				IPHONEOS_DEPLOYMENT_TARGET = 17.2;
				LOCALIZATION_PREFERS_STRING_CATALOGS = YES;
				MTL_ENABLE_DEBUG_INFO = INCLUDE_SOURCE;
				MTL_FAST_MATH = YES;
				ONLY_ACTIVE_ARCH = YES;
				SDKROOT = iphoneos;
				SWIFT_ACTIVE_COMPILATION_CONDITIONS = "DEBUG $(inherited)";
				SWIFT_OPTIMIZATION_LEVEL = "-Onone";
			};
			name = Debug;
		};
		1715A26F2BE6797B0027261E /* Release */ = {
			isa = XCBuildConfiguration;
			buildSettings = {
				ALWAYS_SEARCH_USER_PATHS = NO;
				ASSETCATALOG_COMPILER_GENERATE_SWIFT_ASSET_SYMBOL_EXTENSIONS = YES;
				CLANG_ANALYZER_NONNULL = YES;
				CLANG_ANALYZER_NUMBER_OBJECT_CONVERSION = YES_AGGRESSIVE;
				CLANG_CXX_LANGUAGE_STANDARD = "gnu++20";
				CLANG_ENABLE_MODULES = YES;
				CLANG_ENABLE_OBJC_ARC = YES;
				CLANG_ENABLE_OBJC_WEAK = YES;
				CLANG_WARN_BLOCK_CAPTURE_AUTORELEASING = YES;
				CLANG_WARN_BOOL_CONVERSION = YES;
				CLANG_WARN_COMMA = YES;
				CLANG_WARN_CONSTANT_CONVERSION = YES;
				CLANG_WARN_DEPRECATED_OBJC_IMPLEMENTATIONS = YES;
				CLANG_WARN_DIRECT_OBJC_ISA_USAGE = YES_ERROR;
				CLANG_WARN_DOCUMENTATION_COMMENTS = YES;
				CLANG_WARN_EMPTY_BODY = YES;
				CLANG_WARN_ENUM_CONVERSION = YES;
				CLANG_WARN_INFINITE_RECURSION = YES;
				CLANG_WARN_INT_CONVERSION = YES;
				CLANG_WARN_NON_LITERAL_NULL_CONVERSION = YES;
				CLANG_WARN_OBJC_IMPLICIT_RETAIN_SELF = YES;
				CLANG_WARN_OBJC_LITERAL_CONVERSION = YES;
				CLANG_WARN_OBJC_ROOT_CLASS = YES_ERROR;
				CLANG_WARN_QUOTED_INCLUDE_IN_FRAMEWORK_HEADER = YES;
				CLANG_WARN_RANGE_LOOP_ANALYSIS = YES;
				CLANG_WARN_STRICT_PROTOTYPES = YES;
				CLANG_WARN_SUSPICIOUS_MOVE = YES;
				CLANG_WARN_UNGUARDED_AVAILABILITY = YES_AGGRESSIVE;
				CLANG_WARN_UNREACHABLE_CODE = YES;
				CLANG_WARN__DUPLICATE_METHOD_MATCH = YES;
				COPY_PHASE_STRIP = NO;
				DEBUG_INFORMATION_FORMAT = "dwarf-with-dsym";
				ENABLE_NS_ASSERTIONS = NO;
				ENABLE_STRICT_OBJC_MSGSEND = YES;
				ENABLE_USER_SCRIPT_SANDBOXING = YES;
				GCC_C_LANGUAGE_STANDARD = gnu17;
				GCC_NO_COMMON_BLOCKS = YES;
				GCC_WARN_64_TO_32_BIT_CONVERSION = YES;
				GCC_WARN_ABOUT_RETURN_TYPE = YES_ERROR;
				GCC_WARN_UNDECLARED_SELECTOR = YES;
				GCC_WARN_UNINITIALIZED_AUTOS = YES_AGGRESSIVE;
				GCC_WARN_UNUSED_FUNCTION = YES;
				GCC_WARN_UNUSED_VARIABLE = YES;
				IPHONEOS_DEPLOYMENT_TARGET = 17.2;
				LOCALIZATION_PREFERS_STRING_CATALOGS = YES;
				MTL_ENABLE_DEBUG_INFO = NO;
				MTL_FAST_MATH = YES;
				SDKROOT = iphoneos;
				SWIFT_COMPILATION_MODE = wholemodule;
				VALIDATE_PRODUCT = YES;
			};
			name = Release;
		};
		1715A2712BE6797B0027261E /* Debug */ = {
			isa = XCBuildConfiguration;
			buildSettings = {
				ASSETCATALOG_COMPILER_APPICON_NAME = AppIcon;
				ASSETCATALOG_COMPILER_GLOBAL_ACCENT_COLOR_NAME = AccentColor;
				CODE_SIGN_STYLE = Automatic;
				CURRENT_PROJECT_VERSION = 1;
				DEVELOPMENT_TEAM = DHW3U468H5;
				GENERATE_INFOPLIST_FILE = YES;
				INFOPLIST_FILE = "Medicine Reminder/Info.plist";
				INFOPLIST_KEY_UIApplicationSupportsIndirectInputEvents = YES;
				INFOPLIST_KEY_UILaunchStoryboardName = LaunchScreen;
				INFOPLIST_KEY_UIMainStoryboardFile = Main;
				INFOPLIST_KEY_UISupportedInterfaceOrientations = UIInterfaceOrientationPortrait;
				IPHONEOS_DEPLOYMENT_TARGET = 14.0;
				LD_RUNPATH_SEARCH_PATHS = (
					"$(inherited)",
					"@executable_path/Frameworks",
				);
				MARKETING_VERSION = 1.0;
				PRODUCT_BUNDLE_IDENTIFIER = "sariomer.Medicine-Reminder";
				PRODUCT_NAME = "$(TARGET_NAME)";
				SWIFT_EMIT_LOC_STRINGS = YES;
				SWIFT_VERSION = 5.0;
				TARGETED_DEVICE_FAMILY = "1,2";
			};
			name = Debug;
		};
		1715A2722BE6797B0027261E /* Release */ = {
			isa = XCBuildConfiguration;
			buildSettings = {
				ASSETCATALOG_COMPILER_APPICON_NAME = AppIcon;
				ASSETCATALOG_COMPILER_GLOBAL_ACCENT_COLOR_NAME = AccentColor;
				CODE_SIGN_STYLE = Automatic;
				CURRENT_PROJECT_VERSION = 1;
				DEVELOPMENT_TEAM = DHW3U468H5;
				GENERATE_INFOPLIST_FILE = YES;
				INFOPLIST_FILE = "Medicine Reminder/Info.plist";
				INFOPLIST_KEY_UIApplicationSupportsIndirectInputEvents = YES;
				INFOPLIST_KEY_UILaunchStoryboardName = LaunchScreen;
				INFOPLIST_KEY_UIMainStoryboardFile = Main;
				INFOPLIST_KEY_UISupportedInterfaceOrientations = UIInterfaceOrientationPortrait;
				IPHONEOS_DEPLOYMENT_TARGET = 14.0;
				LD_RUNPATH_SEARCH_PATHS = (
					"$(inherited)",
					"@executable_path/Frameworks",
				);
				MARKETING_VERSION = 1.0;
				PRODUCT_BUNDLE_IDENTIFIER = "sariomer.Medicine-Reminder";
				PRODUCT_NAME = "$(TARGET_NAME)";
				SWIFT_EMIT_LOC_STRINGS = YES;
				SWIFT_VERSION = 5.0;
				TARGETED_DEVICE_FAMILY = "1,2";
			};
			name = Release;
		};
/* End XCBuildConfiguration section */

/* Begin XCConfigurationList section */
		1715A2542BE679720027261E /* Build configuration list for PBXProject "Medicine Reminder" */ = {
			isa = XCConfigurationList;
			buildConfigurations = (
				1715A26E2BE6797B0027261E /* Debug */,
				1715A26F2BE6797B0027261E /* Release */,
			);
			defaultConfigurationIsVisible = 0;
			defaultConfigurationName = Release;
		};
		1715A2702BE6797B0027261E /* Build configuration list for PBXNativeTarget "Medicine Reminder" */ = {
			isa = XCConfigurationList;
			buildConfigurations = (
				1715A2712BE6797B0027261E /* Debug */,
				1715A2722BE6797B0027261E /* Release */,
			);
			defaultConfigurationIsVisible = 0;
			defaultConfigurationName = Release;
		};
/* End XCConfigurationList section */

/* Begin XCVersionGroup section */
		17AE32372BE81594008CF1F5 /* Medicine_Reminder.xcdatamodeld */ = {
			isa = XCVersionGroup;
			children = (
				17AE32382BE81594008CF1F5 /* Medicine_Reminder.xcdatamodel */,
			);
			currentVersion = 17AE32382BE81594008CF1F5 /* Medicine_Reminder.xcdatamodel */;
			path = Medicine_Reminder.xcdatamodeld;
			sourceTree = "<group>";
			versionGroupType = wrapper.xcdatamodel;
		};
/* End XCVersionGroup section */
	};
	rootObject = 1715A2512BE679720027261E /* Project object */;
}
